// !$*UTF8*$!
{
	archiveVersion = 1;
	classes = {
	};
	objectVersion = 46;
	objects = {

/* Begin PBXBuildFile section */
		4734B37C1AAA6516006F3614 /* main.m in Sources */ = {isa = PBXBuildFile; fileRef = 4734B37B1AAA6516006F3614 /* main.m */; };
		4734B37F1AAA6516006F3614 /* AppDelegate.m in Sources */ = {isa = PBXBuildFile; fileRef = 4734B37E1AAA6516006F3614 /* AppDelegate.m */; };
		4734B3821AAA6516006F3614 /* ViewController.m in Sources */ = {isa = PBXBuildFile; fileRef = 4734B3811AAA6516006F3614 /* ViewController.m */; };
		4734B3851AAA6516006F3614 /* Main.storyboard in Resources */ = {isa = PBXBuildFile; fileRef = 4734B3831AAA6516006F3614 /* Main.storyboard */; };
		4734B3871AAA6516006F3614 /* Images.xcassets in Resources */ = {isa = PBXBuildFile; fileRef = 4734B3861AAA6516006F3614 /* Images.xcassets */; };
		4734B38A1AAA6516006F3614 /* LaunchScreen.xib in Resources */ = {isa = PBXBuildFile; fileRef = 4734B3881AAA6516006F3614 /* LaunchScreen.xib */; };
		4734B3961AAA6517006F3614 /* BlocBrowserTests.m in Sources */ = {isa = PBXBuildFile; fileRef = 4734B3951AAA6517006F3614 /* BlocBrowserTests.m */; };
		4734B3A11AAA6796006F3614 /* WebBrowserViewController.m in Sources */ = {isa = PBXBuildFile; fileRef = 4734B3A01AAA6796006F3614 /* WebBrowserViewController.m */; };
		47663A241AD88C0B007CDF6D /* AwesomeFloatingToolbar.m in Sources */ = {isa = PBXBuildFile; fileRef = 47663A231AD88C0B007CDF6D /* AwesomeFloatingToolbar.m */; };
/* End PBXBuildFile section */

/* Begin PBXContainerItemProxy section */
		4734B3901AAA6517006F3614 /* PBXContainerItemProxy */ = {
			isa = PBXContainerItemProxy;
			containerPortal = 4734B36E1AAA6516006F3614 /* Project object */;
			proxyType = 1;
			remoteGlobalIDString = 4734B3751AAA6516006F3614;
			remoteInfo = BlocBrowser;
		};
/* End PBXContainerItemProxy section */

/* Begin PBXFileReference section */
		4734B3761AAA6516006F3614 /* BlocBrowser.app */ = {isa = PBXFileReference; explicitFileType = wrapper.application; includeInIndex = 0; path = BlocBrowser.app; sourceTree = BUILT_PRODUCTS_DIR; };
		4734B37A1AAA6516006F3614 /* Info.plist */ = {isa = PBXFileReference; lastKnownFileType = text.plist.xml; path = Info.plist; sourceTree = "<group>"; };
		4734B37B1AAA6516006F3614 /* main.m */ = {isa = PBXFileReference; lastKnownFileType = sourcecode.c.objc; path = main.m; sourceTree = "<group>"; };
		4734B37D1AAA6516006F3614 /* AppDelegate.h */ = {isa = PBXFileReference; lastKnownFileType = sourcecode.c.h; path = AppDelegate.h; sourceTree = "<group>"; };
		4734B37E1AAA6516006F3614 /* AppDelegate.m */ = {isa = PBXFileReference; lastKnownFileType = sourcecode.c.objc; path = AppDelegate.m; sourceTree = "<group>"; };
		4734B3801AAA6516006F3614 /* ViewController.h */ = {isa = PBXFileReference; lastKnownFileType = sourcecode.c.h; path = ViewController.h; sourceTree = "<group>"; };
		4734B3811AAA6516006F3614 /* ViewController.m */ = {isa = PBXFileReference; lastKnownFileType = sourcecode.c.objc; path = ViewController.m; sourceTree = "<group>"; };
		4734B3841AAA6516006F3614 /* Base */ = {isa = PBXFileReference; lastKnownFileType = file.storyboard; name = Base; path = Base.lproj/Main.storyboard; sourceTree = "<group>"; };
		4734B3861AAA6516006F3614 /* Images.xcassets */ = {isa = PBXFileReference; lastKnownFileType = folder.assetcatalog; path = Images.xcassets; sourceTree = "<group>"; };
		4734B3891AAA6516006F3614 /* Base */ = {isa = PBXFileReference; lastKnownFileType = file.xib; name = Base; path = Base.lproj/LaunchScreen.xib; sourceTree = "<group>"; };
		4734B38F1AAA6517006F3614 /* BlocBrowserTests.xctest */ = {isa = PBXFileReference; explicitFileType = wrapper.cfbundle; includeInIndex = 0; path = BlocBrowserTests.xctest; sourceTree = BUILT_PRODUCTS_DIR; };
		4734B3941AAA6517006F3614 /* Info.plist */ = {isa = PBXFileReference; lastKnownFileType = text.plist.xml; path = Info.plist; sourceTree = "<group>"; };
		4734B3951AAA6517006F3614 /* BlocBrowserTests.m */ = {isa = PBXFileReference; lastKnownFileType = sourcecode.c.objc; path = BlocBrowserTests.m; sourceTree = "<group>"; };
		4734B39F1AAA6796006F3614 /* WebBrowserViewController.h */ = {isa = PBXFileReference; fileEncoding = 4; lastKnownFileType = sourcecode.c.h; path = WebBrowserViewController.h; sourceTree = "<group>"; };
		4734B3A01AAA6796006F3614 /* WebBrowserViewController.m */ = {isa = PBXFileReference; fileEncoding = 4; lastKnownFileType = sourcecode.c.objc; path = WebBrowserViewController.m; sourceTree = "<group>"; };
		47663A221AD88C0B007CDF6D /* AwesomeFloatingToolbar.h */ = {isa = PBXFileReference; fileEncoding = 4; lastKnownFileType = sourcecode.c.h; path = AwesomeFloatingToolbar.h; sourceTree = "<group>"; };
		47663A231AD88C0B007CDF6D /* AwesomeFloatingToolbar.m */ = {isa = PBXFileReference; fileEncoding = 4; lastKnownFileType = sourcecode.c.objc; path = AwesomeFloatingToolbar.m; sourceTree = "<group>"; };
/* End PBXFileReference section */

/* Begin PBXFrameworksBuildPhase section */
		4734B3731AAA6516006F3614 /* Frameworks */ = {
			isa = PBXFrameworksBuildPhase;
			buildActionMask = 2147483647;
			files = (
			);
			runOnlyForDeploymentPostprocessing = 0;
		};
		4734B38C1AAA6517006F3614 /* Frameworks */ = {
			isa = PBXFrameworksBuildPhase;
			buildActionMask = 2147483647;
			files = (
			);
			runOnlyForDeploymentPostprocessing = 0;
		};
/* End PBXFrameworksBuildPhase section */

/* Begin PBXGroup section */
		4734B36D1AAA6516006F3614 = {
			isa = PBXGroup;
			children = (
				4734B39F1AAA6796006F3614 /* WebBrowserViewController.h */,
				4734B3A01AAA6796006F3614 /* WebBrowserViewController.m */,
				4734B3781AAA6516006F3614 /* BlocBrowser */,
				4734B3921AAA6517006F3614 /* BlocBrowserTests */,
				4734B3771AAA6516006F3614 /* Products */,
			);
			sourceTree = "<group>";
		};
		4734B3771AAA6516006F3614 /* Products */ = {
			isa = PBXGroup;
			children = (
				4734B3761AAA6516006F3614 /* BlocBrowser.app */,
				4734B38F1AAA6517006F3614 /* BlocBrowserTests.xctest */,
			);
			name = Products;
			sourceTree = "<group>";
		};
		4734B3781AAA6516006F3614 /* BlocBrowser */ = {
			isa = PBXGroup;
			children = (
				4734B37D1AAA6516006F3614 /* AppDelegate.h */,
				4734B37E1AAA6516006F3614 /* AppDelegate.m */,
				47663A221AD88C0B007CDF6D /* AwesomeFloatingToolbar.h */,
				47663A231AD88C0B007CDF6D /* AwesomeFloatingToolbar.m */,
				4734B3801AAA6516006F3614 /* ViewController.h */,
				4734B3811AAA6516006F3614 /* ViewController.m */,
				4734B3831AAA6516006F3614 /* Main.storyboard */,
				4734B3861AAA6516006F3614 /* Images.xcassets */,
				4734B3881AAA6516006F3614 /* LaunchScreen.xib */,
				4734B3791AAA6516006F3614 /* Supporting Files */,
			);
			path = BlocBrowser;
			sourceTree = "<group>";
		};
		4734B3791AAA6516006F3614 /* Supporting Files */ = {
			isa = PBXGroup;
			children = (
				4734B37A1AAA6516006F3614 /* Info.plist */,
				4734B37B1AAA6516006F3614 /* main.m */,
			);
			name = "Supporting Files";
			sourceTree = "<group>";
		};
		4734B3921AAA6517006F3614 /* BlocBrowserTests */ = {
			isa = PBXGroup;
			children = (
				4734B3951AAA6517006F3614 /* BlocBrowserTests.m */,
				4734B3931AAA6517006F3614 /* Supporting Files */,
			);
			path = BlocBrowserTests;
			sourceTree = "<group>";
		};
		4734B3931AAA6517006F3614 /* Supporting Files */ = {
			isa = PBXGroup;
			children = (
				4734B3941AAA6517006F3614 /* Info.plist */,
			);
			name = "Supporting Files";
			sourceTree = "<group>";
		};
/* End PBXGroup section */

/* Begin PBXNativeTarget section */
		4734B3751AAA6516006F3614 /* BlocBrowser */ = {
			isa = PBXNativeTarget;
			buildConfigurationList = 4734B3991AAA6517006F3614 /* Build configuration list for PBXNativeTarget "BlocBrowser" */;
			buildPhases = (
				4734B3721AAA6516006F3614 /* Sources */,
				4734B3731AAA6516006F3614 /* Frameworks */,
				4734B3741AAA6516006F3614 /* Resources */,
			);
			buildRules = (
			);
			dependencies = (
			);
			name = BlocBrowser;
			productName = BlocBrowser;
			productReference = 4734B3761AAA6516006F3614 /* BlocBrowser.app */;
			productType = "com.apple.product-type.application";
		};
		4734B38E1AAA6517006F3614 /* BlocBrowserTests */ = {
			isa = PBXNativeTarget;
			buildConfigurationList = 4734B39C1AAA6517006F3614 /* Build configuration list for PBXNativeTarget "BlocBrowserTests" */;
			buildPhases = (
				4734B38B1AAA6517006F3614 /* Sources */,
				4734B38C1AAA6517006F3614 /* Frameworks */,
				4734B38D1AAA6517006F3614 /* Resources */,
			);
			buildRules = (
			);
			dependencies = (
				4734B3911AAA6517006F3614 /* PBXTargetDependency */,
			);
			name = BlocBrowserTests;
			productName = BlocBrowserTests;
			productReference = 4734B38F1AAA6517006F3614 /* BlocBrowserTests.xctest */;
			productType = "com.apple.product-type.bundle.unit-test";
		};
/* End PBXNativeTarget section */

/* Begin PBXProject section */
		4734B36E1AAA6516006F3614 /* Project object */ = {
			isa = PBXProject;
			attributes = {
				LastUpgradeCheck = 0610;
				ORGANIZATIONNAME = Bloc;
				TargetAttributes = {
					4734B3751AAA6516006F3614 = {
						CreatedOnToolsVersion = 6.1.1;
					};
					4734B38E1AAA6517006F3614 = {
						CreatedOnToolsVersion = 6.1.1;
						TestTargetID = 4734B3751AAA6516006F3614;
					};
				};
			};
			buildConfigurationList = 4734B3711AAA6516006F3614 /* Build configuration list for PBXProject "BlocBrowser" */;
			compatibilityVersion = "Xcode 3.2";
			developmentRegion = English;
			hasScannedForEncodings = 0;
			knownRegions = (
				en,
				Base,
			);
			mainGroup = 4734B36D1AAA6516006F3614;
			productRefGroup = 4734B3771AAA6516006F3614 /* Products */;
			projectDirPath = "";
			projectRoot = "";
			targets = (
				4734B3751AAA6516006F3614 /* BlocBrowser */,
				4734B38E1AAA6517006F3614 /* BlocBrowserTests */,
			);
		};
/* End PBXProject section */

/* Begin PBXResourcesBuildPhase section */
		4734B3741AAA6516006F3614 /* Resources */ = {
			isa = PBXResourcesBuildPhase;
			buildActionMask = 2147483647;
			files = (
				4734B3851AAA6516006F3614 /* Main.storyboard in Resources */,
				4734B38A1AAA6516006F3614 /* LaunchScreen.xib in Resources */,
				4734B3871AAA6516006F3614 /* Images.xcassets in Resources */,
			);
			runOnlyForDeploymentPostprocessing = 0;
		};
		4734B38D1AAA6517006F3614 /* Resources */ = {
			isa = PBXResourcesBuildPhase;
			buildActionMask = 2147483647;
			files = (
			);
			runOnlyForDeploymentPostprocessing = 0;
		};
/* End PBXResourcesBuildPhase section */

/* Begin PBXSourcesBuildPhase section */
		4734B3721AAA6516006F3614 /* Sources */ = {
			isa = PBXSourcesBuildPhase;
			buildActionMask = 2147483647;
			files = (
				4734B3821AAA6516006F3614 /* ViewController.m in Sources */,
				4734B37F1AAA6516006F3614 /* AppDelegate.m in Sources */,
				47663A241AD88C0B007CDF6D /* AwesomeFloatingToolbar.m in Sources */,
				4734B3A11AAA6796006F3614 /* WebBrowserViewController.m in Sources */,
				4734B37C1AAA6516006F3614 /* main.m in Sources */,
			);
			runOnlyForDeploymentPostprocessing = 0;
		};
		4734B38B1AAA6517006F3614 /* Sources */ = {
			isa = PBXSourcesBuildPhase;
			buildActionMask = 2147483647;
			files = (
				4734B3961AAA6517006F3614 /* BlocBrowserTests.m in Sources */,
			);
			runOnlyForDeploymentPostprocessing = 0;
		};
/* End PBXSourcesBuildPhase section */

/* Begin PBXTargetDependency section */
		4734B3911AAA6517006F3614 /* PBXTargetDependency */ = {
			isa = PBXTargetDependency;
			target = 4734B3751AAA6516006F3614 /* BlocBrowser */;
			targetProxy = 4734B3901AAA6517006F3614 /* PBXContainerItemProxy */;
		};
/* End PBXTargetDependency section */

/* Begin PBXVariantGroup section */
		4734B3831AAA6516006F3614 /* Main.storyboard */ = {
			isa = PBXVariantGroup;
			children = (
				4734B3841AAA6516006F3614 /* Base */,
			);
			name = Main.storyboard;
			sourceTree = "<group>";
		};
		4734B3881AAA6516006F3614 /* LaunchScreen.xib */ = {
			isa = PBXVariantGroup;
			children = (
				4734B3891AAA6516006F3614 /* Base */,
			);
			name = LaunchScreen.xib;
			sourceTree = "<group>";
		};
/* End PBXVariantGroup section */

/* Begin XCBuildConfiguration section */
		4734B3971AAA6517006F3614 /* Debug */ = {
			isa = XCBuildConfiguration;
			buildSettings = {
				ALWAYS_SEARCH_USER_PATHS = NO;
				CLANG_CXX_LANGUAGE_STANDARD = "gnu++0x";
				CLANG_CXX_LIBRARY = "libc++";
				CLANG_ENABLE_MODULES = YES;
				CLANG_ENABLE_OBJC_ARC = YES;
				CLANG_WARN_BOOL_CONVERSION = YES;
				CLANG_WARN_CONSTANT_CONVERSION = YES;
				CLANG_WARN_DIRECT_OBJC_ISA_USAGE = YES_ERROR;
				CLANG_WARN_EMPTY_BODY = YES;
				CLANG_WARN_ENUM_CONVERSION = YES;
				CLANG_WARN_INT_CONVERSION = YES;
				CLANG_WARN_OBJC_ROOT_CLASS = YES_ERROR;
				CLANG_WARN_UNREACHABLE_CODE = YES;
				CLANG_WARN__DUPLICATE_METHOD_MATCH = YES;
				"CODE_SIGN_IDENTITY[sdk=iphoneos*]" = "iPhone Developer";
				COPY_PHASE_STRIP = NO;
				ENABLE_STRICT_OBJC_MSGSEND = YES;
				GCC_C_LANGUAGE_STANDARD = gnu99;
				GCC_DYNAMIC_NO_PIC = NO;
				GCC_OPTIMIZATION_LEVEL = 0;
				GCC_PREPROCESSOR_DEFINITIONS = (
					"DEBUG=1",
					"$(inherited)",
				);
				GCC_SYMBOLS_PRIVATE_EXTERN = NO;
				GCC_WARN_64_TO_32_BIT_CONVERSION = YES;
				GCC_WARN_ABOUT_RETURN_TYPE = YES_ERROR;
				GCC_WARN_UNDECLARED_SELECTOR = YES;
				GCC_WARN_UNINITIALIZED_AUTOS = YES_AGGRESSIVE;
				GCC_WARN_UNUSED_FUNCTION = YES;
				GCC_WARN_UNUSED_VARIABLE = YES;
				IPHONEOS_DEPLOYMENT_TARGET = 8.1;
				MTL_ENABLE_DEBUG_INFO = YES;
				ONLY_ACTIVE_ARCH = YES;
				SDKROOT = iphoneos;
				TARGETED_DEVICE_FAMILY = "1,2";
			};
			name = Debug;
		};
		4734B3981AAA6517006F3614 /* Release */ = {
			isa = XCBuildConfiguration;
			buildSettings = {
				ALWAYS_SEARCH_USER_PATHS = NO;
				CLANG_CXX_LANGUAGE_STANDARD = "gnu++0x";
				CLANG_CXX_LIBRARY = "libc++";
				CLANG_ENABLE_MODULES = YES;
				CLANG_ENABLE_OBJC_ARC = YES;
				CLANG_WARN_BOOL_CONVERSION = YES;
				CLANG_WARN_CONSTANT_CONVERSION = YES;
				CLANG_WARN_DIRECT_OBJC_ISA_USAGE = YES_ERROR;
				CLANG_WARN_EMPTY_BODY = YES;
				CLANG_WARN_ENUM_CONVERSION = YES;
				CLANG_WARN_INT_CONVERSION = YES;
				CLANG_WARN_OBJC_ROOT_CLASS = YES_ERROR;
				CLANG_WARN_UNREACHABLE_CODE = YES;
				CLANG_WARN__DUPLICATE_METHOD_MATCH = YES;
				"CODE_SIGN_IDENTITY[sdk=iphoneos*]" = "iPhone Developer";
				COPY_PHASE_STRIP = YES;
				ENABLE_NS_ASSERTIONS = NO;
				ENABLE_STRICT_OBJC_MSGSEND = YES;
				GCC_C_LANGUAGE_STANDARD = gnu99;
				GCC_WARN_64_TO_32_BIT_CONVERSION = YES;
				GCC_WARN_ABOUT_RETURN_TYPE = YES_ERROR;
				GCC_WARN_UNDECLARED_SELECTOR = YES;
				GCC_WARN_UNINITIALIZED_AUTOS = YES_AGGRESSIVE;
				GCC_WARN_UNUSED_FUNCTION = YES;
				GCC_WARN_UNUSED_VARIABLE = YES;
				IPHONEOS_DEPLOYMENT_TARGET = 8.1;
				MTL_ENABLE_DEBUG_INFO = NO;
				SDKROOT = iphoneos;
				TARGETED_DEVICE_FAMILY = "1,2";
				VALIDATE_PRODUCT = YES;
			};
			name = Release;
		};
		4734B39A1AAA6517006F3614 /* Debug */ = {
			isa = XCBuildConfiguration;
			buildSettings = {
				ASSETCATALOG_COMPILER_APPICON_NAME = AppIcon;
				INFOPLIST_FILE = BlocBrowser/Info.plist;
				LD_RUNPATH_SEARCH_PATHS = "$(inherited) @executable_path/Frameworks";
				PRODUCT_NAME = "$(TARGET_NAME)";
			};
			name = Debug;
		};
		4734B39B1AAA6517006F3614 /* Release */ = {
			isa = XCBuildConfiguration;
			buildSettings = {
				ASSETCATALOG_COMPILER_APPICON_NAME = AppIcon;
				INFOPLIST_FILE = BlocBrowser/Info.plist;
				LD_RUNPATH_SEARCH_PATHS = "$(inherited) @executable_path/Frameworks";
				PRODUCT_NAME = "$(TARGET_NAME)";
			};
			name = Release;
		};
		4734B39D1AAA6517006F3614 /* Debug */ = {
			isa = XCBuildConfiguration;
			buildSettings = {
				BUNDLE_LOADER = "$(TEST_HOST)";
				FRAMEWORK_SEARCH_PATHS = (
					"$(SDKROOT)/Developer/Library/Frameworks",
					"$(inherited)",
				);
				GCC_PREPROCESSOR_DEFINITIONS = (
					"DEBUG=1",
					"$(inherited)",
				);
				INFOPLIST_FILE = BlocBrowserTests/Info.plist;
				LD_RUNPATH_SEARCH_PATHS = "$(inherited) @executable_path/Frameworks @loader_path/Frameworks";
				PRODUCT_NAME = "$(TARGET_NAME)";
				TEST_HOST = "$(BUILT_PRODUCTS_DIR)/BlocBrowser.app/BlocBrowser";
			};
			name = Debug;
		};
		4734B39E1AAA6517006F3614 /* Release */ = {
			isa = XCBuildConfiguration;
			buildSettings = {
				BUNDLE_LOADER = "$(TEST_HOST)";
				FRAMEWORK_SEARCH_PATHS = (
					"$(SDKROOT)/Developer/Library/Frameworks",
					"$(inherited)",
				);
				INFOPLIST_FILE = BlocBrowserTests/Info.plist;
				LD_RUNPATH_SEARCH_PATHS = "$(inherited) @executable_path/Frameworks @loader_path/Frameworks";
				PRODUCT_NAME = "$(TARGET_NAME)";
				TEST_HOST = "$(BUILT_PRODUCTS_DIR)/BlocBrowser.app/BlocBrowser";
			};
			name = Release;
		};
/* End XCBuildConfiguration section */

/* Begin XCConfigurationList section */
		4734B3711AAA6516006F3614 /* Build configuration list for PBXProject "BlocBrowser" */ = {
			isa = XCConfigurationList;
			buildConfigurations = (
				4734B3971AAA6517006F3614 /* Debug */,
				4734B3981AAA6517006F3614 /* Release */,
			);
			defaultConfigurationIsVisible = 0;
			defaultConfigurationName = Release;
		};
		4734B3991AAA6517006F3614 /* Build configuration list for PBXNativeTarget "BlocBrowser" */ = {
			isa = XCConfigurationList;
			buildConfigurations = (
				4734B39A1AAA6517006F3614 /* Debug */,
				4734B39B1AAA6517006F3614 /* Release */,
			);
			defaultConfigurationIsVisible = 0;
			defaultConfigurationName = Release;
		};
		4734B39C1AAA6517006F3614 /* Build configuration list for PBXNativeTarget "BlocBrowserTests" */ = {
			isa = XCConfigurationList;
			buildConfigurations = (
				4734B39D1AAA6517006F3614 /* Debug */,
				4734B39E1AAA6517006F3614 /* Release */,
			);
			defaultConfigurationIsVisible = 0;
			defaultConfigurationName = Release;
		};
/* End XCConfigurationList section */
	};
	rootObject = 4734B36E1AAA6516006F3614 /* Project object */;
}
